
Microsoft Visual Studio Solution File, Format Version 12.00
# Visual Studio Version 16
VisualStudioVersion = 16.0.31205.134
MinimumVisualStudioVersion = 10.0.40219.1
Project("{FAE04EC0-301F-11D3-BF4B-00C04F79EFBC}") = "StoredProcedure", "StoredProcedure\StoredProcedure.csproj", "{E2710E27-ECA7-493C-AC9E-6CABEFDA1B8C}"
EndProject
Global
	GlobalSection(SolutionConfigurationPlatforms) = preSolution
		Debug|Any CPU = Debug|Any CPU
		Release|Any CPU = Release|Any CPU
	EndGlobalSection
	GlobalSection(ProjectConfigurationPlatforms) = postSolution
		{E2710E27-ECA7-493C-AC9E-6CABEFDA1B8C}.Debug|Any CPU.ActiveCfg = Debug|Any CPU
		{E2710E27-ECA7-493C-AC9E-6CABEFDA1B8C}.Debug|Any CPU.Build.0 = Debug|Any CPU
		{E2710E27-ECA7-493C-AC9E-6CABEFDA1B8C}.Release|Any CPU.ActiveCfg = Release|Any CPU
		{E2710E27-ECA7-493C-AC9E-6CABEFDA1B8C}.Release|Any CPU.Build.0 = Release|Any CPU
	EndGlobalSection
	GlobalSection(SolutionProperties) = preSolution
		HideSolutionNode = FALSE
	EndGlobalSection
	GlobalSection(ExtensibilityGlobals) = postSolution
		SolutionGuid = {836A5D06-268F-423B-8131-4B08B4FB97B8}
	EndGlobalSection
EndGlobal
